// !$*UTF8*$!
{
	archiveVersion = 1;
	classes = {
	};
	objectVersion = 46;
	objects = {

/* Begin PBXBuildFile section */
		219A2FBD1F6F020D0027259B /* RatingControl.swift in Sources */ = {isa = PBXBuildFile; fileRef = 219A2FBC1F6F020D0027259B /* RatingControl.swift */; };
		6B160AC11F6F1DDA0037E1CE /* Breed.swift in Sources */ = {isa = PBXBuildFile; fileRef = 6B160AC01F6F1DDA0037E1CE /* Breed.swift */; };
		6B160AC31F6F2B730037E1CE /* BreedTableViewCell.swift in Sources */ = {isa = PBXBuildFile; fileRef = 6B160AC21F6F2B730037E1CE /* BreedTableViewCell.swift */; };
		6B160AC71F6F391D0037E1CE /* BreedTableViewController.swift in Sources */ = {isa = PBXBuildFile; fileRef = 6B160AC61F6F391D0037E1CE /* BreedTableViewController.swift */; };
		6B98A2F61F69BE980043CBFB /* AppDelegate.swift in Sources */ = {isa = PBXBuildFile; fileRef = 6B98A2F51F69BE980043CBFB /* AppDelegate.swift */; };
		6B98A2F81F69BE980043CBFB /* BreedViewController.swift in Sources */ = {isa = PBXBuildFile; fileRef = 6B98A2F71F69BE980043CBFB /* BreedViewController.swift */; };
		6B98A2FB1F69BE980043CBFB /* Main.storyboard in Resources */ = {isa = PBXBuildFile; fileRef = 6B98A2F91F69BE980043CBFB /* Main.storyboard */; };
		6B98A2FD1F69BE980043CBFB /* Assets.xcassets in Resources */ = {isa = PBXBuildFile; fileRef = 6B98A2FC1F69BE980043CBFB /* Assets.xcassets */; };
		6B98A3001F69BE980043CBFB /* LaunchScreen.storyboard in Resources */ = {isa = PBXBuildFile; fileRef = 6B98A2FE1F69BE980043CBFB /* LaunchScreen.storyboard */; };
		6B98A30B1F69BE980043CBFB /* FoodTrackerTests.swift in Sources */ = {isa = PBXBuildFile; fileRef = 6B98A30A1F69BE980043CBFB /* FoodTrackerTests.swift */; };
/* End PBXBuildFile section */

/* Begin PBXContainerItemProxy section */
		6B98A3071F69BE980043CBFB /* PBXContainerItemProxy */ = {
			isa = PBXContainerItemProxy;
			containerPortal = 6B98A2EA1F69BE980043CBFB /* Project object */;
			proxyType = 1;
			remoteGlobalIDString = 6B98A2F11F69BE980043CBFB;
			remoteInfo = FoodTracker;
		};
/* End PBXContainerItemProxy section */

/* Begin PBXFileReference section */
		219A2FBC1F6F020D0027259B /* RatingControl.swift */ = {isa = PBXFileReference; fileEncoding = 4; lastKnownFileType = sourcecode.swift; name = RatingControl.swift; path = ../RatingControl.swift; sourceTree = "<group>"; };
		6B160AC01F6F1DDA0037E1CE /* Breed.swift */ = {isa = PBXFileReference; fileEncoding = 4; lastKnownFileType = sourcecode.swift; name = Breed.swift; path = ../Breed.swift; sourceTree = "<group>"; };
		6B160AC21F6F2B730037E1CE /* BreedTableViewCell.swift */ = {isa = PBXFileReference; fileEncoding = 4; lastKnownFileType = sourcecode.swift; name = BreedTableViewCell.swift; path = FoodTrackerTests/BreedTableViewCell.swift; sourceTree = SOURCE_ROOT; };
		6B160AC61F6F391D0037E1CE /* BreedTableViewController.swift */ = {isa = PBXFileReference; fileEncoding = 4; lastKnownFileType = sourcecode.swift; name = BreedTableViewController.swift; path = ../BreedTableViewController.swift; sourceTree = "<group>"; };
		6B98A2F21F69BE980043CBFB /* FoodTracker.app */ = {isa = PBXFileReference; explicitFileType = wrapper.application; includeInIndex = 0; path = FoodTracker.app; sourceTree = BUILT_PRODUCTS_DIR; };
		6B98A2F51F69BE980043CBFB /* AppDelegate.swift */ = {isa = PBXFileReference; lastKnownFileType = sourcecode.swift; path = AppDelegate.swift; sourceTree = "<group>"; };
		6B98A2F71F69BE980043CBFB /* BreedViewController.swift */ = {isa = PBXFileReference; lastKnownFileType = sourcecode.swift; path = BreedViewController.swift; sourceTree = "<group>"; };
		6B98A2FA1F69BE980043CBFB /* Base */ = {isa = PBXFileReference; lastKnownFileType = file.storyboard; name = Base; path = Base.lproj/Main.storyboard; sourceTree = "<group>"; };
		6B98A2FC1F69BE980043CBFB /* Assets.xcassets */ = {isa = PBXFileReference; lastKnownFileType = folder.assetcatalog; path = Assets.xcassets; sourceTree = "<group>"; };
		6B98A2FF1F69BE980043CBFB /* Base */ = {isa = PBXFileReference; lastKnownFileType = file.storyboard; name = Base; path = Base.lproj/LaunchScreen.storyboard; sourceTree = "<group>"; };
		6B98A3011F69BE980043CBFB /* Info.plist */ = {isa = PBXFileReference; lastKnownFileType = text.plist.xml; path = Info.plist; sourceTree = "<group>"; };
		6B98A3061F69BE980043CBFB /* FoodTrackerTests.xctest */ = {isa = PBXFileReference; explicitFileType = wrapper.cfbundle; includeInIndex = 0; path = FoodTrackerTests.xctest; sourceTree = BUILT_PRODUCTS_DIR; };
		6B98A30A1F69BE980043CBFB /* FoodTrackerTests.swift */ = {isa = PBXFileReference; lastKnownFileType = sourcecode.swift; path = FoodTrackerTests.swift; sourceTree = "<group>"; };
		6B98A30C1F69BE980043CBFB /* Info.plist */ = {isa = PBXFileReference; lastKnownFileType = text.plist.xml; path = Info.plist; sourceTree = "<group>"; };
/* End PBXFileReference section */

/* Begin PBXFrameworksBuildPhase section */
		6B98A2EF1F69BE980043CBFB /* Frameworks */ = {
			isa = PBXFrameworksBuildPhase;
			buildActionMask = 2147483647;
			files = (
			);
			runOnlyForDeploymentPostprocessing = 0;
		};
		6B98A3031F69BE980043CBFB /* Frameworks */ = {
			isa = PBXFrameworksBuildPhase;
			buildActionMask = 2147483647;
			files = (
			);
			runOnlyForDeploymentPostprocessing = 0;
		};
/* End PBXFrameworksBuildPhase section */

/* Begin PBXGroup section */
		6B98A2E91F69BE980043CBFB = {
			isa = PBXGroup;
			children = (
				6B98A2F41F69BE980043CBFB /* FoodTracker */,
				6B98A3091F69BE980043CBFB /* FoodTrackerTests */,
				6B98A2F31F69BE980043CBFB /* Products */,
			);
			sourceTree = "<group>";
		};
		6B98A2F31F69BE980043CBFB /* Products */ = {
			isa = PBXGroup;
			children = (
				6B98A2F21F69BE980043CBFB /* FoodTracker.app */,
				6B98A3061F69BE980043CBFB /* FoodTrackerTests.xctest */,
			);
			name = Products;
			sourceTree = "<group>";
		};
		6B98A2F41F69BE980043CBFB /* FoodTracker */ = {
			isa = PBXGroup;
			children = (
				6B98A2F51F69BE980043CBFB /* AppDelegate.swift */,
				6B98A2F71F69BE980043CBFB /* BreedViewController.swift */,
				219A2FBC1F6F020D0027259B /* RatingControl.swift */,
				6B160AC01F6F1DDA0037E1CE /* Breed.swift */,
				6B160AC21F6F2B730037E1CE /* BreedTableViewCell.swift */,
				6B160AC61F6F391D0037E1CE /* BreedTableViewController.swift */,
				6B98A2F91F69BE980043CBFB /* Main.storyboard */,
				6B98A2FC1F69BE980043CBFB /* Assets.xcassets */,
				6B98A2FE1F69BE980043CBFB /* LaunchScreen.storyboard */,
				6B98A3011F69BE980043CBFB /* Info.plist */,
			);
			path = FoodTracker;
			sourceTree = "<group>";
		};
		6B98A3091F69BE980043CBFB /* FoodTrackerTests */ = {
			isa = PBXGroup;
			children = (
				6B98A30A1F69BE980043CBFB /* FoodTrackerTests.swift */,
				6B98A30C1F69BE980043CBFB /* Info.plist */,
			);
			path = FoodTrackerTests;
			sourceTree = "<group>";
		};
/* End PBXGroup section */

/* Begin PBXNativeTarget section */
		6B98A2F11F69BE980043CBFB /* FoodTracker */ = {
			isa = PBXNativeTarget;
			buildConfigurationList = 6B98A30F1F69BE980043CBFB /* Build configuration list for PBXNativeTarget "FoodTracker" */;
			buildPhases = (
				6B98A2EE1F69BE980043CBFB /* Sources */,
				6B98A2EF1F69BE980043CBFB /* Frameworks */,
				6B98A2F01F69BE980043CBFB /* Resources */,
			);
			buildRules = (
			);
			dependencies = (
			);
			name = FoodTracker;
			productName = FoodTracker;
			productReference = 6B98A2F21F69BE980043CBFB /* FoodTracker.app */;
			productType = "com.apple.product-type.application";
		};
		6B98A3051F69BE980043CBFB /* FoodTrackerTests */ = {
			isa = PBXNativeTarget;
			buildConfigurationList = 6B98A3121F69BE980043CBFB /* Build configuration list for PBXNativeTarget "FoodTrackerTests" */;
			buildPhases = (
				6B98A3021F69BE980043CBFB /* Sources */,
				6B98A3031F69BE980043CBFB /* Frameworks */,
				6B98A3041F69BE980043CBFB /* Resources */,
			);
			buildRules = (
			);
			dependencies = (
				6B98A3081F69BE980043CBFB /* PBXTargetDependency */,
			);
			name = FoodTrackerTests;
			productName = FoodTrackerTests;
			productReference = 6B98A3061F69BE980043CBFB /* FoodTrackerTests.xctest */;
			productType = "com.apple.product-type.bundle.unit-test";
		};
/* End PBXNativeTarget section */

/* Begin PBXProject section */
		6B98A2EA1F69BE980043CBFB /* Project object */ = {
			isa = PBXProject;
			attributes = {
				LastSwiftUpdateCheck = 0830;
				LastUpgradeCheck = 0830;
				TargetAttributes = {
					6B98A2F11F69BE980043CBFB = {
						CreatedOnToolsVersion = 8.3.3;
						ProvisioningStyle = Automatic;
					};
					6B98A3051F69BE980043CBFB = {
						CreatedOnToolsVersion = 8.3.3;
						ProvisioningStyle = Automatic;
						TestTargetID = 6B98A2F11F69BE980043CBFB;
					};
				};
			};
			buildConfigurationList = 6B98A2ED1F69BE980043CBFB /* Build configuration list for PBXProject "FoodTracker" */;
			compatibilityVersion = "Xcode 3.2";
			developmentRegion = English;
			hasScannedForEncodings = 0;
			knownRegions = (
				en,
				Base,
			);
			mainGroup = 6B98A2E91F69BE980043CBFB;
			productRefGroup = 6B98A2F31F69BE980043CBFB /* Products */;
			projectDirPath = "";
			projectRoot = "";
			targets = (
				6B98A2F11F69BE980043CBFB /* FoodTracker */,
				6B98A3051F69BE980043CBFB /* FoodTrackerTests */,
			);
		};
/* End PBXProject section */

/* Begin PBXResourcesBuildPhase section */
		6B98A2F01F69BE980043CBFB /* Resources */ = {
			isa = PBXResourcesBuildPhase;
			buildActionMask = 2147483647;
			files = (
				6B98A3001F69BE980043CBFB /* LaunchScreen.storyboard in Resources */,
				6B98A2FD1F69BE980043CBFB /* Assets.xcassets in Resources */,
				6B98A2FB1F69BE980043CBFB /* Main.storyboard in Resources */,
			);
			runOnlyForDeploymentPostprocessing = 0;
		};
		6B98A3041F69BE980043CBFB /* Resources */ = {
			isa = PBXResourcesBuildPhase;
			buildActionMask = 2147483647;
			files = (
			);
			runOnlyForDeploymentPostprocessing = 0;
		};
/* End PBXResourcesBuildPhase section */

/* Begin PBXSourcesBuildPhase section */
		6B98A2EE1F69BE980043CBFB /* Sources */ = {
			isa = PBXSourcesBuildPhase;
			buildActionMask = 2147483647;
			files = (
				6B160AC11F6F1DDA0037E1CE /* Breed.swift in Sources */,
				6B98A2F81F69BE980043CBFB /* BreedViewController.swift in Sources */,
				219A2FBD1F6F020D0027259B /* RatingControl.swift in Sources */,
				6B98A2F61F69BE980043CBFB /* AppDelegate.swift in Sources */,
				6B160AC71F6F391D0037E1CE /* BreedTableViewController.swift in Sources */,
				6B160AC31F6F2B730037E1CE /* BreedTableViewCell.swift in Sources */,
			);
			runOnlyForDeploymentPostprocessing = 0;
		};
		6B98A3021F69BE980043CBFB /* Sources */ = {
			isa = PBXSourcesBuildPhase;
			buildActionMask = 2147483647;
			files = (
				6B98A30B1F69BE980043CBFB /* FoodTrackerTests.swift in Sources */,
			);
			runOnlyForDeploymentPostprocessing = 0;
		};
/* End PBXSourcesBuildPhase section */

/* Begin PBXTargetDependency section */
		6B98A3081F69BE980043CBFB /* PBXTargetDependency */ = {
			isa = PBXTargetDependency;
			target = 6B98A2F11F69BE980043CBFB /* FoodTracker */;
			targetProxy = 6B98A3071F69BE980043CBFB /* PBXContainerItemProxy */;
		};
/* End PBXTargetDependency section */

/* Begin PBXVariantGroup section */
		6B98A2F91F69BE980043CBFB /* Main.storyboard */ = {
			isa = PBXVariantGroup;
			children = (
				6B98A2FA1F69BE980043CBFB /* Base */,
			);
			name = Main.storyboard;
			sourceTree = "<group>";
		};
		6B98A2FE1F69BE980043CBFB /* LaunchScreen.storyboard */ = {
			isa = PBXVariantGroup;
			children = (
				6B98A2FF1F69BE980043CBFB /* Base */,
			);
			name = LaunchScreen.storyboard;
			sourceTree = "<group>";
		};
/* End PBXVariantGroup section */

/* Begin XCBuildConfiguration section */
		6B98A30D1F69BE980043CBFB /* Debug */ = {
			isa = XCBuildConfiguration;
			buildSettings = {
				ALWAYS_SEARCH_USER_PATHS = NO;
				CLANG_ANALYZER_NONNULL = YES;
				CLANG_ANALYZER_NUMBER_OBJECT_CONVERSION = YES_AGGRESSIVE;
				CLANG_CXX_LANGUAGE_STANDARD = "gnu++0x";
				CLANG_CXX_LIBRARY = "libc++";
				CLANG_ENABLE_MODULES = YES;
				CLANG_ENABLE_OBJC_ARC = YES;
				CLANG_WARN_BOOL_CONVERSION = YES;
				CLANG_WARN_CONSTANT_CONVERSION = YES;
				CLANG_WARN_DIRECT_OBJC_ISA_USAGE = YES_ERROR;
				CLANG_WARN_DOCUMENTATION_COMMENTS = YES;
				CLANG_WARN_EMPTY_BODY = YES;
				CLANG_WARN_ENUM_CONVERSION = YES;
				CLANG_WARN_INFINITE_RECURSION = YES;
				CLANG_WARN_INT_CONVERSION = YES;
				CLANG_WARN_OBJC_ROOT_CLASS = YES_ERROR;
				CLANG_WARN_SUSPICIOUS_MOVE = YES;
				CLANG_WARN_UNREACHABLE_CODE = YES;
				CLANG_WARN__DUPLICATE_METHOD_MATCH = YES;
				"CODE_SIGN_IDENTITY[sdk=iphoneos*]" = "iPhone Developer";
				COPY_PHASE_STRIP = NO;
				DEBUG_INFORMATION_FORMAT = dwarf;
				ENABLE_STRICT_OBJC_MSGSEND = YES;
				ENABLE_TESTABILITY = YES;
				GCC_C_LANGUAGE_STANDARD = gnu99;
				GCC_DYNAMIC_NO_PIC = NO;
				GCC_NO_COMMON_BLOCKS = YES;
				GCC_OPTIMIZATION_LEVEL = 0;
				GCC_PREPROCESSOR_DEFINITIONS = (
					"DEBUG=1",
					"$(inherited)",
				);
				GCC_WARN_64_TO_32_BIT_CONVERSION = YES;
				GCC_WARN_ABOUT_RETURN_TYPE = YES_ERROR;
				GCC_WARN_UNDECLARED_SELECTOR = YES;
				GCC_WARN_UNINITIALIZED_AUTOS = YES_AGGRESSIVE;
				GCC_WARN_UNUSED_FUNCTION = YES;
				GCC_WARN_UNUSED_VARIABLE = YES;
				IPHONEOS_DEPLOYMENT_TARGET = 10.3;
				MTL_ENABLE_DEBUG_INFO = YES;
				ONLY_ACTIVE_ARCH = YES;
				SDKROOT = iphoneos;
				SWIFT_ACTIVE_COMPILATION_CONDITIONS = DEBUG;
				SWIFT_OPTIMIZATION_LEVEL = "-Onone";
				TARGETED_DEVICE_FAMILY = "1,2";
			};
			name = Debug;
		};
		6B98A30E1F69BE980043CBFB /* Release */ = {
			isa = XCBuildConfiguration;
			buildSettings = {
				ALWAYS_SEARCH_USER_PATHS = NO;
				CLANG_ANALYZER_NONNULL = YES;
				CLANG_ANALYZER_NUMBER_OBJECT_CONVERSION = YES_AGGRESSIVE;
				CLANG_CXX_LANGUAGE_STANDARD = "gnu++0x";
				CLANG_CXX_LIBRARY = "libc++";
				CLANG_ENABLE_MODULES = YES;
				CLANG_ENABLE_OBJC_ARC = YES;
				CLANG_WARN_BOOL_CONVERSION = YES;
				CLANG_WARN_CONSTANT_CONVERSION = YES;
				CLANG_WARN_DIRECT_OBJC_ISA_USAGE = YES_ERROR;
				CLANG_WARN_DOCUMENTATION_COMMENTS = YES;
				CLANG_WARN_EMPTY_BODY = YES;
				CLANG_WARN_ENUM_CONVERSION = YES;
				CLANG_WARN_INFINITE_RECURSION = YES;
				CLANG_WARN_INT_CONVERSION = YES;
				CLANG_WARN_OBJC_ROOT_CLASS = YES_ERROR;
				CLANG_WARN_SUSPICIOUS_MOVE = YES;
				CLANG_WARN_UNREACHABLE_CODE = YES;
				CLANG_WARN__DUPLICATE_METHOD_MATCH = YES;
				"CODE_SIGN_IDENTITY[sdk=iphoneos*]" = "iPhone Developer";
				COPY_PHASE_STRIP = NO;
				DEBUG_INFORMATION_FORMAT = "dwarf-with-dsym";
				ENABLE_NS_ASSERTIONS = NO;
				ENABLE_STRICT_OBJC_MSGSEND = YES;
				GCC_C_LANGUAGE_STANDARD = gnu99;
				GCC_NO_COMMON_BLOCKS = YES;
				GCC_WARN_64_TO_32_BIT_CONVERSION = YES;
				GCC_WARN_ABOUT_RETURN_TYPE = YES_ERROR;
				GCC_WARN_UNDECLARED_SELECTOR = YES;
				GCC_WARN_UNINITIALIZED_AUTOS = YES_AGGRESSIVE;
				GCC_WARN_UNUSED_FUNCTION = YES;
				GCC_WARN_UNUSED_VARIABLE = YES;
				IPHONEOS_DEPLOYMENT_TARGET = 10.3;
				MTL_ENABLE_DEBUG_INFO = NO;
				SDKROOT = iphoneos;
				SWIFT_OPTIMIZATION_LEVEL = "-Owholemodule";
				TARGETED_DEVICE_FAMILY = "1,2";
				VALIDATE_PRODUCT = YES;
			};
			name = Release;
		};
		6B98A3101F69BE980043CBFB /* Debug */ = {
			isa = XCBuildConfiguration;
			buildSettings = {
				ASSETCATALOG_COMPILER_APPICON_NAME = AppIcon;
				INFOPLIST_FILE = FoodTracker/Info.plist;
				LD_RUNPATH_SEARCH_PATHS = "$(inherited) @executable_path/Frameworks";
				PRODUCT_BUNDLE_IDENTIFIER = cc.FoodTracker;
				PRODUCT_NAME = "$(TARGET_NAME)";
				SWIFT_VERSION = 3.0;
			};
			name = Debug;
		};
		6B98A3111F69BE980043CBFB /* Release */ = {
			isa = XCBuildConfiguration;
			buildSettings = {
				ASSETCATALOG_COMPILER_APPICON_NAME = AppIcon;
				INFOPLIST_FILE = FoodTracker/Info.plist;
				LD_RUNPATH_SEARCH_PATHS = "$(inherited) @executable_path/Frameworks";
				PRODUCT_BUNDLE_IDENTIFIER = cc.FoodTracker;
				PRODUCT_NAME = "$(TARGET_NAME)";
				SWIFT_VERSION = 3.0;
			};
			name = Release;
		};
		6B98A3131F69BE980043CBFB /* Debug */ = {
			isa = XCBuildConfiguration;
			buildSettings = {
				ALWAYS_EMBED_SWIFT_STANDARD_LIBRARIES = YES;
				BUNDLE_LOADER = "$(TEST_HOST)";
				INFOPLIST_FILE = FoodTrackerTests/Info.plist;
				LD_RUNPATH_SEARCH_PATHS = "$(inherited) @executable_path/Frameworks @loader_path/Frameworks";
				PRODUCT_BUNDLE_IDENTIFIER = cc.FoodTrackerTests;
				PRODUCT_NAME = "$(TARGET_NAME)";
				SWIFT_VERSION = 3.0;
				TEST_HOST = "$(BUILT_PRODUCTS_DIR)/FoodTracker.app/FoodTracker";
			};
			name = Debug;
		};
		6B98A3141F69BE980043CBFB /* Release */ = {
			isa = XCBuildConfiguration;
			buildSettings = {
				ALWAYS_EMBED_SWIFT_STANDARD_LIBRARIES = YES;
				BUNDLE_LOADER = "$(TEST_HOST)";
				INFOPLIST_FILE = FoodTrackerTests/Info.plist;
				LD_RUNPATH_SEARCH_PATHS = "$(inherited) @executable_path/Frameworks @loader_path/Frameworks";
				PRODUCT_BUNDLE_IDENTIFIER = cc.FoodTrackerTests;
				PRODUCT_NAME = "$(TARGET_NAME)";
				SWIFT_VERSION = 3.0;
				TEST_HOST = "$(BUILT_PRODUCTS_DIR)/FoodTracker.app/FoodTracker";
			};
			name = Release;
		};
/* End XCBuildConfiguration section */

/* Begin XCConfigurationList section */
		6B98A2ED1F69BE980043CBFB /* Build configuration list for PBXProject "FoodTracker" */ = {
			isa = XCConfigurationList;
			buildConfigurations = (
				6B98A30D1F69BE980043CBFB /* Debug */,
				6B98A30E1F69BE980043CBFB /* Release */,
			);
			defaultConfigurationIsVisible = 0;
			defaultConfigurationName = Release;
		};
		6B98A30F1F69BE980043CBFB /* Build configuration list for PBXNativeTarget "FoodTracker" */ = {
			isa = XCConfigurationList;
			buildConfigurations = (
				6B98A3101F69BE980043CBFB /* Debug */,
				6B98A3111F69BE980043CBFB /* Release */,
			);
			defaultConfigurationIsVisible = 0;
			defaultConfigurationName = Release;
		};
		6B98A3121F69BE980043CBFB /* Build configuration list for PBXNativeTarget "FoodTrackerTests" */ = {
			isa = XCConfigurationList;
			buildConfigurations = (
				6B98A3131F69BE980043CBFB /* Debug */,
				6B98A3141F69BE980043CBFB /* Release */,
			);
			defaultConfigurationIsVisible = 0;
			defaultConfigurationName = Release;
		};
/* End XCConfigurationList section */
	};
	rootObject = 6B98A2EA1F69BE980043CBFB /* Project object */;
}
